
Microsoft Visual Studio Solution File, Format Version 12.00
# Visual Studio Version 16
VisualStudioVersion = 16.0.30002.166
MinimumVisualStudioVersion = 10.0.40219.1
Project("{9A19103F-16F7-4668-BE54-9A1E7A4F7556}") = "SqlStreamStore.Demo", "SqlStreamStore.Demo.csproj", "{DB13C311-43CB-4A15-A8C7-59D642382925}"
EndProject
Global
	GlobalSection(SolutionConfigurationPlatforms) = preSolution
		Debug|Any CPU = Debug|Any CPU
		Release|Any CPU = Release|Any CPU
	EndGlobalSection
	GlobalSection(ProjectConfigurationPlatforms) = postSolution
		{DB13C311-43CB-4A15-A8C7-59D642382925}.Debug|Any CPU.ActiveCfg = Debug|Any CPU
		{DB13C311-43CB-4A15-A8C7-59D642382925}.Debug|Any CPU.Build.0 = Debug|Any CPU
		{DB13C311-43CB-4A15-A8C7-59D642382925}.Release|Any CPU.ActiveCfg = Release|Any CPU
		{DB13C311-43CB-4A15-A8C7-59D642382925}.Release|Any CPU.Build.0 = Release|Any CPU
	EndGlobalSection
	GlobalSection(SolutionProperties) = preSolution
		HideSolutionNode = FALSE
	EndGlobalSection
	GlobalSection(ExtensibilityGlobals) = postSolution
		SolutionGuid = {05E1481C-B2FE-4E73-BCAA-456320E2CE0A}
	EndGlobalSection
EndGlobal
